
Microsoft Visual Studio Solution File, Format Version 12.00
# Visual Studio 15
VisualStudioVersion = 15.0.27428.2005
MinimumVisualStudioVersion = 10.0.40219.1
Project("{A07B5EB6-E848-4116-A8D0-A826331D98C6}") = "CalculatorApplication", "CalculatorApplication\CalculatorApplication.sfproj", "{CA8A14CA-DB7C-4A6F-B22B-B6C067774F9E}"
EndProject
Project("{FAE04EC0-301F-11D3-BF4B-00C04F79EFBC}") = "CalculatorService", "CalculatorService\CalculatorService.csproj", "{7F084ED1-9096-4F5A-936D-8B955B0F26A7}"
EndProject
Project("{FAE04EC0-301F-11D3-BF4B-00C04F79EFBC}") = "CalculatorClient", "CalculatorClient\CalculatorClient.csproj", "{75E98279-A5B0-4E14-AE01-5014720770D4}"
EndProject
Global
	GlobalSection(SolutionConfigurationPlatforms) = preSolution
		Debug|Any CPU = Debug|Any CPU
		Debug|x64 = Debug|x64
		Release|Any CPU = Release|Any CPU
		Release|x64 = Release|x64
	EndGlobalSection
	GlobalSection(ProjectConfigurationPlatforms) = postSolution
		{CA8A14CA-DB7C-4A6F-B22B-B6C067774F9E}.Debug|Any CPU.ActiveCfg = Debug|x64
		{CA8A14CA-DB7C-4A6F-B22B-B6C067774F9E}.Debug|x64.ActiveCfg = Debug|x64
		{CA8A14CA-DB7C-4A6F-B22B-B6C067774F9E}.Debug|x64.Build.0 = Debug|x64
		{CA8A14CA-DB7C-4A6F-B22B-B6C067774F9E}.Debug|x64.Deploy.0 = Debug|x64
		{CA8A14CA-DB7C-4A6F-B22B-B6C067774F9E}.Release|Any CPU.ActiveCfg = Release|x64
		{CA8A14CA-DB7C-4A6F-B22B-B6C067774F9E}.Release|x64.ActiveCfg = Release|x64
		{CA8A14CA-DB7C-4A6F-B22B-B6C067774F9E}.Release|x64.Build.0 = Release|x64
		{CA8A14CA-DB7C-4A6F-B22B-B6C067774F9E}.Release|x64.Deploy.0 = Release|x64
		{7F084ED1-9096-4F5A-936D-8B955B0F26A7}.Debug|Any CPU.ActiveCfg = Debug|Any CPU
		{7F084ED1-9096-4F5A-936D-8B955B0F26A7}.Debug|Any CPU.Build.0 = Debug|Any CPU
		{7F084ED1-9096-4F5A-936D-8B955B0F26A7}.Debug|x64.ActiveCfg = Debug|Any CPU
		{7F084ED1-9096-4F5A-936D-8B955B0F26A7}.Debug|x64.Build.0 = Debug|Any CPU
		{7F084ED1-9096-4F5A-936D-8B955B0F26A7}.Release|Any CPU.ActiveCfg = Release|Any CPU
		{7F084ED1-9096-4F5A-936D-8B955B0F26A7}.Release|Any CPU.Build.0 = Release|Any CPU
		{7F084ED1-9096-4F5A-936D-8B955B0F26A7}.Release|x64.ActiveCfg = Release|Any CPU
		{7F084ED1-9096-4F5A-936D-8B955B0F26A7}.Release|x64.Build.0 = Release|Any CPU
		{75E98279-A5B0-4E14-AE01-5014720770D4}.Debug|Any CPU.ActiveCfg = Debug|Any CPU
		{75E98279-A5B0-4E14-AE01-5014720770D4}.Debug|Any CPU.Build.0 = Debug|Any CPU
		{75E98279-A5B0-4E14-AE01-5014720770D4}.Debug|x64.ActiveCfg = Debug|Any CPU
		{75E98279-A5B0-4E14-AE01-5014720770D4}.Debug|x64.Build.0 = Debug|Any CPU
		{75E98279-A5B0-4E14-AE01-5014720770D4}.Release|Any CPU.ActiveCfg = Release|Any CPU
		{75E98279-A5B0-4E14-AE01-5014720770D4}.Release|Any CPU.Build.0 = Release|Any CPU
		{75E98279-A5B0-4E14-AE01-5014720770D4}.Release|x64.ActiveCfg = Release|Any CPU
		{75E98279-A5B0-4E14-AE01-5014720770D4}.Release|x64.Build.0 = Release|Any CPU
	EndGlobalSection
	GlobalSection(SolutionProperties) = preSolution
		HideSolutionNode = FALSE
	EndGlobalSection
	GlobalSection(ExtensibilityGlobals) = postSolution
		SolutionGuid = {796255EC-746D-4F2F-B158-399623D6E37E}
	EndGlobalSection
EndGlobal
